
Microsoft Visual Studio Solution File, Format Version 12.00
# Visual Studio Version 16
VisualStudioVersion = 25.0.1704.1
MinimumVisualStudioVersion = 10.0.40219.1
Project("{FAE04EC0-301F-11D3-BF4B-00C04F79EFBC}") = "Sokoban", "Sokoban\Sokoban.csproj", "{A8489719-89A1-4386-B6D5-A0B24C7A2B4C}"
EndProject
Global
	GlobalSection(SolutionConfigurationPlatforms) = preSolution
		Debug|Any CPU = Debug|Any CPU
		Release|Any CPU = Release|Any CPU
	EndGlobalSection
	GlobalSection(ProjectConfigurationPlatforms) = postSolution
		{A8489719-89A1-4386-B6D5-A0B24C7A2B4C}.Debug|Any CPU.ActiveCfg = Debug|Any CPU
		{A8489719-89A1-4386-B6D5-A0B24C7A2B4C}.Debug|Any CPU.Build.0 = Debug|Any CPU
		{A8489719-89A1-4386-B6D5-A0B24C7A2B4C}.Release|Any CPU.ActiveCfg = Release|Any CPU
		{A8489719-89A1-4386-B6D5-A0B24C7A2B4C}.Release|Any CPU.Build.0 = Release|Any CPU
	EndGlobalSection
	GlobalSection(SolutionProperties) = preSolution
		HideSolutionNode = FALSE
	EndGlobalSection
	GlobalSection(ExtensibilityGlobals) = postSolution
		SolutionGuid = {FC7C975C-71AB-41C7-BDCE-07376AF2FD50}
	EndGlobalSection
EndGlobal
